
Microsoft Visual Studio Solution File, Format Version 12.00
Project("{FAE04EC0-301F-11D3-BF4B-00C04F79EFBC}") = "ConsoleTable", "ConsoleTable\ConsoleTable.csproj", "{80C516D7-151D-460A-A6EE-63F16A112052}"
EndProject
Project("{FAE04EC0-301F-11D3-BF4B-00C04F79EFBC}") = "ConsoleTableTests", "ConsoleTableTests\ConsoleTableTests.csproj", "{10ABF68C-F3EC-421E-A5E5-53A66E616630}"
EndProject
Project("{FAE04EC0-301F-11D3-BF4B-00C04F79EFBC}") = "ExampleProject", "ExampleProject\ExampleProject.csproj", "{FF30B7A6-B770-4497-A7D7-CC3A3AA19738}"
EndProject
Global
	GlobalSection(SolutionConfigurationPlatforms) = preSolution
		Debug|Any CPU = Debug|Any CPU
		Release|Any CPU = Release|Any CPU
	EndGlobalSection
	GlobalSection(ProjectConfigurationPlatforms) = postSolution
		{80C516D7-151D-460A-A6EE-63F16A112052}.Release|Any CPU.ActiveCfg = Release|Any CPU
		{80C516D7-151D-460A-A6EE-63F16A112052}.Release|Any CPU.Build.0 = Release|Any CPU
		{80C516D7-151D-460A-A6EE-63F16A112052}.Debug|Any CPU.ActiveCfg = Release|Any CPU
		{80C516D7-151D-460A-A6EE-63F16A112052}.Debug|Any CPU.Build.0 = Release|Any CPU
		{10ABF68C-F3EC-421E-A5E5-53A66E616630}.Debug|Any CPU.ActiveCfg = Debug|Any CPU
		{10ABF68C-F3EC-421E-A5E5-53A66E616630}.Debug|Any CPU.Build.0 = Debug|Any CPU
		{10ABF68C-F3EC-421E-A5E5-53A66E616630}.Release|Any CPU.ActiveCfg = Release|Any CPU
		{10ABF68C-F3EC-421E-A5E5-53A66E616630}.Release|Any CPU.Build.0 = Release|Any CPU
		{FF30B7A6-B770-4497-A7D7-CC3A3AA19738}.Debug|Any CPU.ActiveCfg = Debug|Any CPU
		{FF30B7A6-B770-4497-A7D7-CC3A3AA19738}.Debug|Any CPU.Build.0 = Debug|Any CPU
		{FF30B7A6-B770-4497-A7D7-CC3A3AA19738}.Release|Any CPU.ActiveCfg = Release|Any CPU
		{FF30B7A6-B770-4497-A7D7-CC3A3AA19738}.Release|Any CPU.Build.0 = Release|Any CPU
	EndGlobalSection
EndGlobal
